
Microsoft Visual Studio Solution File, Format Version 12.00
# Visual Studio Version 17
VisualStudioVersion = 17.0.32112.339
MinimumVisualStudioVersion = 10.0.40219.1
Project("{FAE04EC0-301F-11D3-BF4B-00C04F79EFBC}") = "BLL", "BLL\BLL.csproj", "{AC39C7BF-1B18-4AE0-BCB0-86BDC26F936D}"
EndProject
Project("{FAE04EC0-301F-11D3-BF4B-00C04F79EFBC}") = "DAL", "DAL\DAL.csproj", "{B9391726-4714-42C9-A3DA-B427E4F82A41}"
EndProject
Project("{FAE04EC0-301F-11D3-BF4B-00C04F79EFBC}") = "DTO", "DTO\DTO.csproj", "{D2A162F4-0C13-4544-8F8E-10C03A050544}"
EndProject
Project("{FAE04EC0-301F-11D3-BF4B-00C04F79EFBC}") = "GUI", "GUI\GUI.csproj", "{F00A1018-7D75-4C64-8808-A07EAD644E23}"
EndProject
Global
	GlobalSection(SolutionConfigurationPlatforms) = preSolution
		Debug|Any CPU = Debug|Any CPU
		Release|Any CPU = Release|Any CPU
	EndGlobalSection
	GlobalSection(ProjectConfigurationPlatforms) = postSolution
		{AC39C7BF-1B18-4AE0-BCB0-86BDC26F936D}.Debug|Any CPU.ActiveCfg = Debug|Any CPU
		{AC39C7BF-1B18-4AE0-BCB0-86BDC26F936D}.Debug|Any CPU.Build.0 = Debug|Any CPU
		{AC39C7BF-1B18-4AE0-BCB0-86BDC26F936D}.Release|Any CPU.ActiveCfg = Release|Any CPU
		{AC39C7BF-1B18-4AE0-BCB0-86BDC26F936D}.Release|Any CPU.Build.0 = Release|Any CPU
		{B9391726-4714-42C9-A3DA-B427E4F82A41}.Debug|Any CPU.ActiveCfg = Debug|Any CPU
		{B9391726-4714-42C9-A3DA-B427E4F82A41}.Debug|Any CPU.Build.0 = Debug|Any CPU
		{B9391726-4714-42C9-A3DA-B427E4F82A41}.Release|Any CPU.ActiveCfg = Release|Any CPU
		{B9391726-4714-42C9-A3DA-B427E4F82A41}.Release|Any CPU.Build.0 = Release|Any CPU
		{D2A162F4-0C13-4544-8F8E-10C03A050544}.Debug|Any CPU.ActiveCfg = Debug|Any CPU
		{D2A162F4-0C13-4544-8F8E-10C03A050544}.Debug|Any CPU.Build.0 = Debug|Any CPU
		{D2A162F4-0C13-4544-8F8E-10C03A050544}.Release|Any CPU.ActiveCfg = Release|Any CPU
		{D2A162F4-0C13-4544-8F8E-10C03A050544}.Release|Any CPU.Build.0 = Release|Any CPU
		{F00A1018-7D75-4C64-8808-A07EAD644E23}.Debug|Any CPU.ActiveCfg = Debug|Any CPU
		{F00A1018-7D75-4C64-8808-A07EAD644E23}.Debug|Any CPU.Build.0 = Debug|Any CPU
		{F00A1018-7D75-4C64-8808-A07EAD644E23}.Release|Any CPU.ActiveCfg = Release|Any CPU
		{F00A1018-7D75-4C64-8808-A07EAD644E23}.Release|Any CPU.Build.0 = Release|Any CPU
	EndGlobalSection
	GlobalSection(SolutionProperties) = preSolution
		HideSolutionNode = FALSE
	EndGlobalSection
	GlobalSection(ExtensibilityGlobals) = postSolution
		SolutionGuid = {97028D5B-36FD-4255-A345-6B5B4AD3E6DB}
	EndGlobalSection
EndGlobal
